version = 1
revision = 3
requires-python = ">=3.12"

[[package]]
name = "apscheduler"
version = "3.6.3"
source = { registry = "https://pypi.org/simple" }
dependencies = [
    { name = "pytz" },
    { name = "setuptools" },
    { name = "six" },
    { name = "tzlocal" },
]
sdist = { url = "https://files.pythonhosted.org/packages/89/3d/f65972547c5aa533276ada2bea3c2ef51bb4c4de55b67a66129c111b89ad/APScheduler-3.6.3.tar.gz", hash = "sha256:3bb5229eed6fbbdafc13ce962712ae66e175aa214c69bed35a06bffcf0c5e244", size = 96309, upload-time = "2019-11-05T07:51:50.394Z" }
wheels = [
    { url = "https://files.pythonhosted.org/packages/f3/34/9ef20ed473c4fd2c3df54ef77a27ae3fc7500b16b192add4720cab8b2c09/APScheduler-3.6.3-py2.py3-none-any.whl", hash = "sha256:e8b1ecdb4c7cb2818913f766d5898183c7cb8936680710a4d3a966e02262e526", size = 58881, upload-time = "2019-11-05T07:51:48.621Z" },
]

[[package]]
name = "auleliberepolimi"
version = "1.0"
source = { virtual = "." }
dependencies = [
    { name = "apscheduler" },
    { name = "beautifulsoup4" },
    { name = "black" },
    { name = "cachetools" },
    { name = "certifi" },
    { name = "chardet" },
    { name = "charset-normalizer" },
    { name = "click" },
    { name = "flask" },
    { name = "idna" },
    { name = "mypy-extensions" },
    { name = "pathspec" },
    { name = "platformdirs" },
    { name = "python-dotenv" },
    { name = "python-telegram-bot" },
    { name = "pytz" },
    { name = "pytz-deprecation-shim" },
    { name = "regex" },
    { name = "requests" },
    { name = "six" },
    { name = "soupsieve" },
    { name = "tomli" },
    { name = "tornado" },
    { name = "typing-extensions" },
    { name = "tzdata" },
    { name = "tzlocal" },
    { name = "urllib3" },
]

[package.metadata]
requires-dist = [
    { name = "apscheduler", specifier = "==3.6.3" },
    { name = "beautifulsoup4", specifier = "==4.10.0" },
    { name = "black", specifier = "==21.9b0" },
    { name = "cachetools", specifier = "==4.2.2" },
    { name = "certifi", specifier = "==2021.10.8" },
    { name = "chardet", specifier = "==4.0.0" },
    { name = "charset-normalizer", specifier = "==2.0.7" },
    { name = "click", specifier = "==8.1.3" },
    { name = "flask", specifier = "==3.0.0" },
    { name = "idna", specifier = "==3.3" },
    { name = "mypy-extensions", specifier = "==0.4.3" },
    { name = "pathspec", specifier = "==0.9.0" },
    { name = "platformdirs", specifier = "==2.4.0" },
    { name = "python-dotenv", specifier = "==0.19.1" },
    { name = "python-telegram-bot", specifier = "==13.7" },
    { name = "pytz", specifier = "==2021.3" },
    { name = "pytz-deprecation-shim", specifier = "==0.1.0.post0" },
    { name = "regex", specifier = "==2021.10.8" },
    { name = "requests", specifier = "==2.26.0" },
    { name = "six", specifier = "==1.16.0" },
    { name = "soupsieve", specifier = "==2.2.1" },
    { name = "tomli", specifier = "==1.2.1" },
    { name = "tornado", specifier = "==6.1" },
    { name = "typing-extensions", specifier = "==3.10.0.2" },
    { name = "tzdata", specifier = "==2021.4" },
    { name = "tzlocal", specifier = "==4.0.1" },
    { name = "urllib3", specifier = "==1.26.7" },
]

[[package]]
name = "beautifulsoup4"
version = "4.10.0"
source = { registry = "https://pypi.org/simple" }
dependencies = [
    { name = "soupsieve" },
]
sdist = { url = "https://files.pythonhosted.org/packages/a1/69/daeee6d8f22c997e522cdbeb59641c4d31ab120aba0f2c799500f7456b7e/beautifulsoup4-4.10.0.tar.gz", hash = "sha256:c23ad23c521d818955a4151a67d81580319d4bf548d3d49f4223ae041ff98891", size = 399890, upload-time = "2021-09-08T00:16:07.708Z" }
wheels = [
    { url = "https://files.pythonhosted.org/packages/69/bf/f0f194d3379d3f3347478bd267f754fc68c11cbf2fe302a6ab69447b1417/beautifulsoup4-4.10.0-py3-none-any.whl", hash = "sha256:9a315ce70049920ea4572a4055bc4bd700c940521d36fc858205ad4fcde149bf", size = 97398, upload-time = "2021-09-08T00:16:06.464Z" },
]

[[package]]
name = "black"
version = "21.9b0"
source = { registry = "https://pypi.org/simple" }
dependencies = [
    { name = "click" },
    { name = "mypy-extensions" },
    { name = "pathspec" },
    { name = "platformdirs" },
    { name = "regex" },
    { name = "tomli" },
    { name = "typing-extensions" },
]
sdist = { url = "https://files.pythonhosted.org/packages/b9/11/bde767284a6a15bf85b53ad696c3658eb3ead74e4697ecda2d07cec106ec/black-21.9b0.tar.gz", hash = "sha256:7de4cfc7eb6b710de325712d40125689101d21d25283eed7e9998722cf10eb91", size = 560945, upload-time = "2021-09-14T02:25:26.49Z" }
wheels = [
    { url = "https://files.pythonhosted.org/packages/d2/16/a92c999103bee1236dd93f703f3522217fe00bd97bd50ae3699c2d91e320/black-21.9b0-py3-none-any.whl", hash = "sha256:380f1b5da05e5a1429225676655dddb96f5ae8c75bdf91e53d798871b902a115", size = 148184, upload-time = "2021-09-14T02:25:24.739Z" },
]

[[package]]
name = "blinker"
version = "1.9.0"
source = { registry = "https://pypi.org/simple" }
sdist = { url = "https://files.pythonhosted.org/packages/21/28/9b3f50ce0e048515135495f198351908d99540d69bfdc8c1d15b73dc55ce/blinker-1.9.0.tar.gz", hash = "sha256:b4ce2265a7abece45e7cc896e98dbebe6cead56bcf805a3d23136d145f5445bf", size = 22460, upload-time = "2024-11-08T17:25:47.436Z" }
wheels = [
    { url = "https://files.pythonhosted.org/packages/10/cb/f2ad4230dc2eb1a74edf38f1a38b9b52277f75bef262d8908e60d957e13c/blinker-1.9.0-py3-none-any.whl", hash = "sha256:ba0efaa9080b619ff2f3459d1d500c57bddea4a6b424b60a91141db6fd2f08bc", size = 8458, upload-time = "2024-11-08T17:25:46.184Z" },
]

[[package]]
name = "cachetools"
version = "4.2.2"
source = { registry = "https://pypi.org/simple" }
sdist = { url = "https://files.pythonhosted.org/packages/52/ba/619250fa6bc11ce6aa4de0604d45843090a53cd7d10d7253b89669313370/cachetools-4.2.2.tar.gz", hash = "sha256:61b5ed1e22a0924aed1d23b478f37e8d52549ff8a961de2909c69bf950020cff", size = 23682, upload-time = "2021-04-27T21:19:57.252Z" }
wheels = [
    { url = "https://files.pythonhosted.org/packages/bf/28/c4f5796c67ad06bb91d98d543a5e01805c1ff065e08871f78e52d2a331ad/cachetools-4.2.2-py3-none-any.whl", hash = "sha256:2cc0b89715337ab6dbba85b5b50effe2b0c74e035d83ee8ed637cf52f12ae001", size = 11998, upload-time = "2021-04-27T21:19:55.559Z" },
]

[[package]]
name = "certifi"
version = "2021.10.8"
source = { registry = "https://pypi.org/simple" }
sdist = { url = "https://files.pythonhosted.org/packages/6c/ae/d26450834f0acc9e3d1f74508da6df1551ceab6c2ce0766a593362d6d57f/certifi-2021.10.8.tar.gz", hash = "sha256:78884e7c1d4b00ce3cea67b44566851c4343c120abd683433ce934a68ea58872", size = 151214, upload-time = "2021-10-08T19:32:15.277Z" }
wheels = [
    { url = "https://files.pythonhosted.org/packages/37/45/946c02767aabb873146011e665728b680884cd8fe70dde973c640e45b775/certifi-2021.10.8-py2.py3-none-any.whl", hash = "sha256:d62a0163eb4c2344ac042ab2bdf75399a71a2d8c7d47eac2e2ee91b9d6339569", size = 149195, upload-time = "2021-10-08T19:32:10.712Z" },
]

[[package]]
name = "chardet"
version = "4.0.0"
source = { registry = "https://pypi.org/simple" }
sdist = { url = "https://files.pythonhosted.org/packages/ee/2d/9cdc2b527e127b4c9db64b86647d567985940ac3698eeabc7ffaccb4ea61/chardet-4.0.0.tar.gz", hash = "sha256:0d6f53a15db4120f2b08c94f11e7d93d2c911ee118b6b30a04ec3ee8310179fa", size = 1907771, upload-time = "2020-12-10T19:35:33.971Z" }
wheels = [
    { url = "https://files.pythonhosted.org/packages/19/c7/fa589626997dd07bd87d9269342ccb74b1720384a4d739a1872bd84fbe68/chardet-4.0.0-py2.py3-none-any.whl", hash = "sha256:f864054d66fd9118f2e67044ac8981a54775ec5b67aed0441892edb553d21da5", size = 178743, upload-time = "2020-12-10T19:35:32.469Z" },
]

[[package]]
name = "charset-normalizer"
version = "2.0.7"
source = { registry = "https://pypi.org/simple" }
sdist = { url = "https://files.pythonhosted.org/packages/9f/c5/334c019f92c26e59637bb42bd14a190428874b2b2de75a355da394cf16c1/charset-normalizer-2.0.7.tar.gz", hash = "sha256:e019de665e2bcf9c2b64e2e5aa025fa991da8720daa3c1138cadd2fd1856aed0", size = 362802, upload-time = "2021-10-11T21:28:28.918Z" }
wheels = [
    { url = "https://files.pythonhosted.org/packages/de/c8/820b1546c68efcbbe3c1b10dd925fbd84a0dda7438bc18db0ef1fa567733/charset_normalizer-2.0.7-py3-none-any.whl", hash = "sha256:f7af805c321bfa1ce6714c51f254e0d5bb5e5834039bc17db7ebe3a4cec9492b", size = 38247, upload-time = "2021-10-11T21:28:25.641Z" },
]

[[package]]
name = "click"
version = "8.1.3"
source = { registry = "https://pypi.org/simple" }
dependencies = [
    { name = "colorama", marker = "sys_platform == 'win32'" },
]
sdist = { url = "https://files.pythonhosted.org/packages/59/87/84326af34517fca8c58418d148f2403df25303e02736832403587318e9e8/click-8.1.3.tar.gz", hash = "sha256:7682dc8afb30297001674575ea00d1814d808d6a36af415a82bd481d37ba7b8e", size = 331147, upload-time = "2022-04-28T17:36:09.097Z" }
wheels = [
    { url = "https://files.pythonhosted.org/packages/c2/f1/df59e28c642d583f7dacffb1e0965d0e00b218e0186d7858ac5233dce840/click-8.1.3-py3-none-any.whl", hash = "sha256:bb4d8133cb15a609f44e8213d9b391b0809795062913b383c62be0ee95b1db48", size = 96588, upload-time = "2022-04-28T17:36:06.952Z" },
]

[[package]]
name = "colorama"
version = "0.4.6"
source = { registry = "https://pypi.org/simple" }
sdist = { url = "https://files.pythonhosted.org/packages/d8/53/6f443c9a4a8358a93a6792e2acffb9d9d5cb0a5cfd8802644b7b1c9a02e4/colorama-0.4.6.tar.gz", hash = "sha256:08695f5cb7ed6e0531a20572697297273c47b8cae5a63ffc6d6ed5c201be6e44", size = 27697, upload-time = "2022-10-25T02:36:22.414Z" }
wheels = [
    { url = "https://files.pythonhosted.org/packages/d1/d6/3965ed04c63042e047cb6a3e6ed1a63a35087b6a609aa3a15ed8ac56c221/colorama-0.4.6-py2.py3-none-any.whl", hash = "sha256:4f1d9991f5acc0ca119f9d443620b77f9d6b33703e51011c16baf57afb285fc6", size = 25335, upload-time = "2022-10-25T02:36:20.889Z" },
]

[[package]]
name = "flask"
version = "3.0.0"
source = { registry = "https://pypi.org/simple" }
dependencies = [
    { name = "blinker" },
    { name = "click" },
    { name = "itsdangerous" },
    { name = "jinja2" },
    { name = "werkzeug" },
]
sdist = { url = "https://files.pythonhosted.org/packages/d8/09/c1a7354d3925a3c6c8cfdebf4245bae67d633ffda1ba415add06ffc839c5/flask-3.0.0.tar.gz", hash = "sha256:cfadcdb638b609361d29ec22360d6070a77d7463dcb3ab08d2c2f2f168845f58", size = 674171, upload-time = "2023-09-30T14:36:12.918Z" }
wheels = [
    { url = "https://files.pythonhosted.org/packages/36/42/015c23096649b908c809c69388a805a571a3bea44362fe87e33fc3afa01f/flask-3.0.0-py3-none-any.whl", hash = "sha256:21128f47e4e3b9d597a3e8521a329bf56909b690fcc3fa3e477725aa81367638", size = 99724, upload-time = "2023-09-30T14:36:10.961Z" },
]

[[package]]
name = "idna"
version = "3.3"
source = { registry = "https://pypi.org/simple" }
sdist = { url = "https://files.pythonhosted.org/packages/62/08/e3fc7c8161090f742f504f40b1bccbfc544d4a4e09eb774bf40aafce5436/idna-3.3.tar.gz", hash = "sha256:9d643ff0a55b762d5cdb124b8eaa99c66322e2157b69160bc32796e824360e6d", size = 286689, upload-time = "2021-10-12T23:33:41.312Z" }
wheels = [
    { url = "https://files.pythonhosted.org/packages/04/a2/d918dcd22354d8958fe113e1a3630137e0fc8b44859ade3063982eacd2a4/idna-3.3-py3-none-any.whl", hash = "sha256:84d9dd047ffa80596e0f246e2eab0b391788b0503584e8945f2368256d2735ff", size = 61160, upload-time = "2021-10-12T23:33:38.02Z" },
]

[[package]]
name = "itsdangerous"
version = "2.2.0"
source = { registry = "https://pypi.org/simple" }
sdist = { url = "https://files.pythonhosted.org/packages/9c/cb/8ac0172223afbccb63986cc25049b154ecfb5e85932587206f42317be31d/itsdangerous-2.2.0.tar.gz", hash = "sha256:e0050c0b7da1eea53ffaf149c0cfbb5c6e2e2b69c4bef22c81fa6eb73e5f6173", size = 54410, upload-time = "2024-04-16T21:28:15.614Z" }
wheels = [
    { url = "https://files.pythonhosted.org/packages/04/96/92447566d16df59b2a776c0fb82dbc4d9e07cd95062562af01e408583fc4/itsdangerous-2.2.0-py3-none-any.whl", hash = "sha256:c6242fc49e35958c8b15141343aa660db5fc54d4f13a1db01a3f5891b98700ef", size = 16234, upload-time = "2024-04-16T21:28:14.499Z" },
]

[[package]]
name = "jinja2"
version = "3.1.6"
source = { registry = "https://pypi.org/simple" }
dependencies = [
    { name = "markupsafe" },
]
sdist = { url = "https://files.pythonhosted.org/packages/df/bf/f7da0350254c0ed7c72f3e33cef02e048281fec7ecec5f032d4aac52226b/jinja2-3.1.6.tar.gz", hash = "sha256:0137fb05990d35f1275a587e9aee6d56da821fc83491a0fb838183be43f66d6d", size = 245115, upload-time = "2025-03-05T20:05:02.478Z" }
wheels = [
    { url = "https://files.pythonhosted.org/packages/62/a1/3d680cbfd5f4b8f15abc1d571870c5fc3e594bb582bc3b64ea099db13e56/jinja2-3.1.6-py3-none-any.whl", hash = "sha256:85ece4451f492d0c13c5dd7c13a64681a86afae63a5f347908daf103ce6d2f67", size = 134899, upload-time = "2025-03-05T20:05:00.369Z" },
]

[[package]]
name = "markupsafe"
version = "3.0.3"
source = { registry = "https://pypi.org/simple" }
sdist = { url = "https://files.pythonhosted.org/packages/7e/99/7690b6d4034fffd95959cbe0c02de8deb3098cc577c67bb6a24fe5d7caa7/markupsafe-3.0.3.tar.gz", hash = "sha256:722695808f4b6457b320fdc131280796bdceb04ab50fe1795cd540799ebe1698", size = 80313, upload-time = "2025-09-27T18:37:40.426Z" }
wheels = [
    { url = "https://files.pythonhosted.org/packages/5a/72/147da192e38635ada20e0a2e1a51cf8823d2119ce8883f7053879c2199b5/markupsafe-3.0.3-cp312-cp312-macosx_10_13_x86_64.whl", hash = "sha256:d53197da72cc091b024dd97249dfc7794d6a56530370992a5e1a08983ad9230e", size = 11615, upload-time = "2025-09-27T18:36:30.854Z" },
    { url = "https://files.pythonhosted.org/packages/9a/81/7e4e08678a1f98521201c3079f77db69fb552acd56067661f8c2f534a718/markupsafe-3.0.3-cp312-cp312-macosx_11_0_arm64.whl", hash = "sha256:1872df69a4de6aead3491198eaf13810b565bdbeec3ae2dc8780f14458ec73ce", size = 12020, upload-time = "2025-09-27T18:36:31.971Z" },
    { url = "https://files.pythonhosted.org/packages/1e/2c/799f4742efc39633a1b54a92eec4082e4f815314869865d876824c257c1e/markupsafe-3.0.3-cp312-cp312-manylinux2014_aarch64.manylinux_2_17_aarch64.manylinux_2_28_aarch64.whl", hash = "sha256:3a7e8ae81ae39e62a41ec302f972ba6ae23a5c5396c8e60113e9066ef893da0d", size = 24332, upload-time = "2025-09-27T18:36:32.813Z" },
    { url = "https://files.pythonhosted.org/packages/3c/2e/8d0c2ab90a8c1d9a24f0399058ab8519a3279d1bd4289511d74e909f060e/markupsafe-3.0.3-cp312-cp312-manylinux2014_x86_64.manylinux_2_17_x86_64.manylinux_2_28_x86_64.whl", hash = "sha256:d6dd0be5b5b189d31db7cda48b91d7e0a9795f31430b7f271219ab30f1d3ac9d", size = 22947, upload-time = "2025-09-27T18:36:33.86Z" },
    { url = "https://files.pythonhosted.org/packages/2c/54/887f3092a85238093a0b2154bd629c89444f395618842e8b0c41783898ea/markupsafe-3.0.3-cp312-cp312-manylinux_2_31_riscv64.manylinux_2_39_riscv64.whl", hash = "sha256:94c6f0bb423f739146aec64595853541634bde58b2135f27f61c1ffd1cd4d16a", size = 21962, upload-time = "2025-09-27T18:36:35.099Z" },
    { url = "https://files.pythonhosted.org/packages/c9/2f/336b8c7b6f4a4d95e91119dc8521402461b74a485558d8f238a68312f11c/markupsafe-3.0.3-cp312-cp312-musllinux_1_2_aarch64.whl", hash = "sha256:be8813b57049a7dc738189df53d69395eba14fb99345e0a5994914a3864c8a4b", size = 23760, upload-time = "2025-09-27T18:36:36.001Z" },
    { url = "https://files.pythonhosted.org/packages/32/43/67935f2b7e4982ffb50a4d169b724d74b62a3964bc1a9a527f5ac4f1ee2b/markupsafe-3.0.3-cp312-cp312-musllinux_1_2_riscv64.whl", hash = "sha256:83891d0e9fb81a825d9a6d61e3f07550ca70a076484292a70fde82c4b807286f", size = 21529, upload-time = "2025-09-27T18:36:36.906Z" },
    { url = "https://files.pythonhosted.org/packages/89/e0/4486f11e51bbba8b0c041098859e869e304d1c261e59244baa3d295d47b7/markupsafe-3.0.3-cp312-cp312-musllinux_1_2_x86_64.whl", hash = "sha256:77f0643abe7495da77fb436f50f8dab76dbc6e5fd25d39589a0f1fe6548bfa2b", size = 23015, upload-time = "2025-09-27T18:36:37.868Z" },
    { url = "https://files.pythonhosted.org/packages/2f/e1/78ee7a023dac597a5825441ebd17170785a9dab23de95d2c7508ade94e0e/markupsafe-3.0.3-cp312-cp312-win32.whl", hash = "sha256:d88b440e37a16e651bda4c7c2b930eb586fd15ca7406cb39e211fcff3bf3017d", size = 14540, upload-time = "2025-09-27T18:36:38.761Z" },
    { url = "https://files.pythonhosted.org/packages/aa/5b/bec5aa9bbbb2c946ca2733ef9c4ca91c91b6a24580193e891b5f7dbe8e1e/markupsafe-3.0.3-cp312-cp312-win_amd64.whl", hash = "sha256:26a5784ded40c9e318cfc2bdb30fe164bdb8665ded9cd64d500a34fb42067b1c", size = 15105, upload-time = "2025-09-27T18:36:39.701Z" },
    { url = "https://files.pythonhosted.org/packages/e5/f1/216fc1bbfd74011693a4fd837e7026152e89c4bcf3e77b6692fba9923123/markupsafe-3.0.3-cp312-cp312-win_arm64.whl", hash = "sha256:35add3b638a5d900e807944a078b51922212fb3dedb01633a8defc4b01a3c85f", size = 13906, upload-time = "2025-09-27T18:36:40.689Z" },
    { url = "https://files.pythonhosted.org/packages/38/2f/907b9c7bbba283e68f20259574b13d005c121a0fa4c175f9bed27c4597ff/markupsafe-3.0.3-cp313-cp313-macosx_10_13_x86_64.whl", hash = "sha256:e1cf1972137e83c5d4c136c43ced9ac51d0e124706ee1c8aa8532c1287fa8795", size = 11622, upload-time = "2025-09-27T18:36:41.777Z" },
    { url = "https://files.pythonhosted.org/packages/9c/d9/5f7756922cdd676869eca1c4e3c0cd0df60ed30199ffd775e319089cb3ed/markupsafe-3.0.3-cp313-cp313-macosx_11_0_arm64.whl", hash = "sha256:116bb52f642a37c115f517494ea5feb03889e04df47eeff5b130b1808ce7c219", size = 12029, upload-time = "2025-09-27T18:36:43.257Z" },
    { url = "https://files.pythonhosted.org/packages/00/07/575a68c754943058c78f30db02ee03a64b3c638586fba6a6dd56830b30a3/markupsafe-3.0.3-cp313-cp313-manylinux2014_aarch64.manylinux_2_17_aarch64.manylinux_2_28_aarch64.whl", hash = "sha256:133a43e73a802c5562be9bbcd03d090aa5a1fe899db609c29e8c8d815c5f6de6", size = 24374, upload-time = "2025-09-27T18:36:44.508Z" },
    { url = "https://files.pythonhosted.org/packages/a9/21/9b05698b46f218fc0e118e1f8168395c65c8a2c750ae2bab54fc4bd4e0e8/markupsafe-3.0.3-cp313-cp313-manylinux2014_x86_64.manylinux_2_17_x86_64.manylinux_2_28_x86_64.whl", hash = "sha256:ccfcd093f13f0f0b7fdd0f198b90053bf7b2f02a3927a30e63f3ccc9df56b676", size = 22980, upload-time = "2025-09-27T18:36:45.385Z" },
    { url = "https://files.pythonhosted.org/packages/7f/71/544260864f893f18b6827315b988c146b559391e6e7e8f7252839b1b846a/markupsafe-3.0.3-cp313-cp313-manylinux_2_31_riscv64.manylinux_2_39_riscv64.whl", hash = "sha256:509fa21c6deb7a7a273d629cf5ec029bc209d1a51178615ddf718f5918992ab9", size = 21990, upload-time = "2025-09-27T18:36:46.916Z" },
    { url = "https://files.pythonhosted.org/packages/c2/28/b50fc2f74d1ad761af2f5dcce7492648b983d00a65b8c0e0cb457c82ebbe/markupsafe-3.0.3-cp313-cp313-musllinux_1_2_aarch64.whl", hash = "sha256:a4afe79fb3de0b7097d81da19090f4df4f8d3a2b3adaa8764138aac2e44f3af1", size = 23784, upload-time = "2025-09-27T18:36:47.884Z" },
    { url = "https://files.pythonhosted.org/packages/ed/76/104b2aa106a208da8b17a2fb72e033a5a9d7073c68f7e508b94916ed47a9/markupsafe-3.0.3-cp313-cp313-musllinux_1_2_riscv64.whl", hash = "sha256:795e7751525cae078558e679d646ae45574b47ed6e7771863fcc079a6171a0fc", size = 21588, upload-time = "2025-09-27T18:36:48.82Z" },
    { url = "https://files.pythonhosted.org/packages/b5/99/16a5eb2d140087ebd97180d95249b00a03aa87e29cc224056274f2e45fd6/markupsafe-3.0.3-cp313-cp313-musllinux_1_2_x86_64.whl", hash = "sha256:8485f406a96febb5140bfeca44a73e3ce5116b2501ac54fe953e488fb1d03b12", size = 23041, upload-time = "2025-09-27T18:36:49.797Z" },
    { url = "https://files.pythonhosted.org/packages/19/bc/e7140ed90c5d61d77cea142eed9f9c303f4c4806f60a1044c13e3f1471d0/markupsafe-3.0.3-cp313-cp313-win32.whl", hash = "sha256:bdd37121970bfd8be76c5fb069c7751683bdf373db1ed6c010162b2a130248ed", size = 14543, upload-time = "2025-09-27T18:36:51.584Z" },
    { url = "https://files.pythonhosted.org/packages/05/73/c4abe620b841b6b791f2edc248f556900667a5a1cf023a6646967ae98335/markupsafe-3.0.3-cp313-cp313-win_amd64.whl", hash = "sha256:9a1abfdc021a164803f4d485104931fb8f8c1efd55bc6b748d2f5774e78b62c5", size = 15113, upload-time = "2025-09-27T18:36:52.537Z" },
    { url = "https://files.pythonhosted.org/packages/f0/3a/fa34a0f7cfef23cf9500d68cb7c32dd64ffd58a12b09225fb03dd37d5b80/markupsafe-3.0.3-cp313-cp313-win_arm64.whl", hash = "sha256:7e68f88e5b8799aa49c85cd116c932a1ac15caaa3f5db09087854d218359e485", size = 13911, upload-time = "2025-09-27T18:36:53.513Z" },
    { url = "https://files.pythonhosted.org/packages/e4/d7/e05cd7efe43a88a17a37b3ae96e79a19e846f3f456fe79c57ca61356ef01/markupsafe-3.0.3-cp313-cp313t-macosx_10_13_x86_64.whl", hash = "sha256:218551f6df4868a8d527e3062d0fb968682fe92054e89978594c28e642c43a73", size = 11658, upload-time = "2025-09-27T18:36:54.819Z" },
    { url = "https://files.pythonhosted.org/packages/99/9e/e412117548182ce2148bdeacdda3bb494260c0b0184360fe0d56389b523b/markupsafe-3.0.3-cp313-cp313t-macosx_11_0_arm64.whl", hash = "sha256:3524b778fe5cfb3452a09d31e7b5adefeea8c5be1d43c4f810ba09f2ceb29d37", size = 12066, upload-time = "2025-09-27T18:36:55.714Z" },
    { url = "https://files.pythonhosted.org/packages/bc/e6/fa0ffcda717ef64a5108eaa7b4f5ed28d56122c9a6d70ab8b72f9f715c80/markupsafe-3.0.3-cp313-cp313t-manylinux2014_aarch64.manylinux_2_17_aarch64.manylinux_2_28_aarch64.whl", hash = "sha256:4e885a3d1efa2eadc93c894a21770e4bc67899e3543680313b09f139e149ab19", size = 25639, upload-time = "2025-09-27T18:36:56.908Z" },
    { url = "https://files.pythonhosted.org/packages/96/ec/2102e881fe9d25fc16cb4b25d5f5cde50970967ffa5dddafdb771237062d/markupsafe-3.0.3-cp313-cp313t-manylinux2014_x86_64.manylinux_2_17_x86_64.manylinux_2_28_x86_64.whl", hash = "sha256:8709b08f4a89aa7586de0aadc8da56180242ee0ada3999749b183aa23df95025", size = 23569, upload-time = "2025-09-27T18:36:57.913Z" },
    { url = "https://files.pythonhosted.org/packages/4b/30/6f2fce1f1f205fc9323255b216ca8a235b15860c34b6798f810f05828e32/markupsafe-3.0.3-cp313-cp313t-manylinux_2_31_riscv64.manylinux_2_39_riscv64.whl", hash = "sha256:b8512a91625c9b3da6f127803b166b629725e68af71f8184ae7e7d54686a56d6", size = 23284, upload-time = "2025-09-27T18:36:58.833Z" },
    { url = "https://files.pythonhosted.org/packages/58/47/4a0ccea4ab9f5dcb6f79c0236d954acb382202721e704223a8aafa38b5c8/markupsafe-3.0.3-cp313-cp313t-musllinux_1_2_aarch64.whl", hash = "sha256:9b79b7a16f7fedff2495d684f2b59b0457c3b493778c9eed31111be64d58279f", size = 24801, upload-time = "2025-09-27T18:36:59.739Z" },
    { url = "https://files.pythonhosted.org/packages/6a/70/3780e9b72180b6fecb83a4814d84c3bf4b4ae4bf0b19c27196104149734c/markupsafe-3.0.3-cp313-cp313t-musllinux_1_2_riscv64.whl", hash = "sha256:12c63dfb4a98206f045aa9563db46507995f7ef6d83b2f68eda65c307c6829eb", size = 22769, upload-time = "2025-09-27T18:37:00.719Z" },
    { url = "https://files.pythonhosted.org/packages/98/c5/c03c7f4125180fc215220c035beac6b9cb684bc7a067c84fc69414d315f5/markupsafe-3.0.3-cp313-cp313t-musllinux_1_2_x86_64.whl", hash = "sha256:8f71bc33915be5186016f675cd83a1e08523649b0e33efdb898db577ef5bb009", size = 23642, upload-time = "2025-09-27T18:37:01.673Z" },
    { url = "https://files.pythonhosted.org/packages/80/d6/2d1b89f6ca4bff1036499b1e29a1d02d282259f3681540e16563f27ebc23/markupsafe-3.0.3-cp313-cp313t-win32.whl", hash = "sha256:69c0b73548bc525c8cb9a251cddf1931d1db4d2258e9599c28c07ef3580ef354", size = 14612, upload-time = "2025-09-27T18:37:02.639Z" },
    { url = "https://files.pythonhosted.org/packages/2b/98/e48a4bfba0a0ffcf9925fe2d69240bfaa19c6f7507b8cd09c70684a53c1e/markupsafe-3.0.3-cp313-cp313t-win_amd64.whl", hash = "sha256:1b4b79e8ebf6b55351f0d91fe80f893b4743f104bff22e90697db1590e47a218", size = 15200, upload-time = "2025-09-27T18:37:03.582Z" },
    { url = "https://files.pythonhosted.org/packages/0e/72/e3cc540f351f316e9ed0f092757459afbc595824ca724cbc5a5d4263713f/markupsafe-3.0.3-cp313-cp313t-win_arm64.whl", hash = "sha256:ad2cf8aa28b8c020ab2fc8287b0f823d0a7d8630784c31e9ee5edea20f406287", size = 13973, upload-time = "2025-09-27T18:37:04.929Z" },
    { url = "https://files.pythonhosted.org/packages/33/8a/8e42d4838cd89b7dde187011e97fe6c3af66d8c044997d2183fbd6d31352/markupsafe-3.0.3-cp314-cp314-macosx_10_13_x86_64.whl", hash = "sha256:eaa9599de571d72e2daf60164784109f19978b327a3910d3e9de8c97b5b70cfe", size = 11619, upload-time = "2025-09-27T18:37:06.342Z" },
    { url = "https://files.pythonhosted.org/packages/b5/64/7660f8a4a8e53c924d0fa05dc3a55c9cee10bbd82b11c5afb27d44b096ce/markupsafe-3.0.3-cp314-cp314-macosx_11_0_arm64.whl", hash = "sha256:c47a551199eb8eb2121d4f0f15ae0f923d31350ab9280078d1e5f12b249e0026", size = 12029, upload-time = "2025-09-27T18:37:07.213Z" },
    { url = "https://files.pythonhosted.org/packages/da/ef/e648bfd021127bef5fa12e1720ffed0c6cbb8310c8d9bea7266337ff06de/markupsafe-3.0.3-cp314-cp314-manylinux2014_aarch64.manylinux_2_17_aarch64.manylinux_2_28_aarch64.whl", hash = "sha256:f34c41761022dd093b4b6896d4810782ffbabe30f2d443ff5f083e0cbbb8c737", size = 24408, upload-time = "2025-09-27T18:37:09.572Z" },
    { url = "https://files.pythonhosted.org/packages/41/3c/a36c2450754618e62008bf7435ccb0f88053e07592e6028a34776213d877/markupsafe-3.0.3-cp314-cp314-manylinux2014_x86_64.manylinux_2_17_x86_64.manylinux_2_28_x86_64.whl", hash = "sha256:457a69a9577064c05a97c41f4e65148652db078a3a509039e64d3467b9e7ef97", size = 23005, upload-time = "2025-09-27T18:37:10.58Z" },
    { url = "https://files.pythonhosted.org/packages/bc/20/b7fdf89a8456b099837cd1dc21974632a02a999ec9bf7ca3e490aacd98e7/markupsafe-3.0.3-cp314-cp314-manylinux_2_31_riscv64.manylinux_2_39_riscv64.whl", hash = "sha256:e8afc3f2ccfa24215f8cb28dcf43f0113ac3c37c2f0f0806d8c70e4228c5cf4d", size = 22048, upload-time = "2025-09-27T18:37:11.547Z" },
    { url = "https://files.pythonhosted.org/packages/9a/a7/591f592afdc734f47db08a75793a55d7fbcc6902a723ae4cfbab61010cc5/markupsafe-3.0.3-cp314-cp314-musllinux_1_2_aarch64.whl", hash = "sha256:ec15a59cf5af7be74194f7ab02d0f59a62bdcf1a537677ce67a2537c9b87fcda", size = 23821, upload-time = "2025-09-27T18:37:12.48Z" },
    { url = "https://files.pythonhosted.org/packages/7d/33/45b24e4f44195b26521bc6f1a82197118f74df348556594bd2262bda1038/markupsafe-3.0.3-cp314-cp314-musllinux_1_2_riscv64.whl", hash = "sha256:0eb9ff8191e8498cca014656ae6b8d61f39da5f95b488805da4bb029cccbfbaf", size = 21606, upload-time = "2025-09-27T18:37:13.485Z" },
    { url = "https://files.pythonhosted.org/packages/ff/0e/53dfaca23a69fbfbbf17a4b64072090e70717344c52eaaaa9c5ddff1e5f0/markupsafe-3.0.3-cp314-cp314-musllinux_1_2_x86_64.whl", hash = "sha256:2713baf880df847f2bece4230d4d094280f4e67b1e813eec43b4c0e144a34ffe", size = 23043, upload-time = "2025-09-27T18:37:14.408Z" },
    { url = "https://files.pythonhosted.org/packages/46/11/f333a06fc16236d5238bfe74daccbca41459dcd8d1fa952e8fbd5dccfb70/markupsafe-3.0.3-cp314-cp314-win32.whl", hash = "sha256:729586769a26dbceff69f7a7dbbf59ab6572b99d94576a5592625d5b411576b9", size = 14747, upload-time = "2025-09-27T18:37:15.36Z" },
    { url = "https://files.pythonhosted.org/packages/28/52/182836104b33b444e400b14f797212f720cbc9ed6ba34c800639d154e821/markupsafe-3.0.3-cp314-cp314-win_amd64.whl", hash = "sha256:bdc919ead48f234740ad807933cdf545180bfbe9342c2bb451556db2ed958581", size = 15341, upload-time = "2025-09-27T18:37:16.496Z" },
    { url = "https://files.pythonhosted.org/packages/6f/18/acf23e91bd94fd7b3031558b1f013adfa21a8e407a3fdb32745538730382/markupsafe-3.0.3-cp314-cp314-win_arm64.whl", hash = "sha256:5a7d5dc5140555cf21a6fefbdbf8723f06fcd2f63ef108f2854de715e4422cb4", size = 14073, upload-time = "2025-09-27T18:37:17.476Z" },
    { url = "https://files.pythonhosted.org/packages/3c/f0/57689aa4076e1b43b15fdfa646b04653969d50cf30c32a102762be2485da/markupsafe-3.0.3-cp314-cp314t-macosx_10_13_x86_64.whl", hash = "sha256:1353ef0c1b138e1907ae78e2f6c63ff67501122006b0f9abad68fda5f4ffc6ab", size = 11661, upload-time = "2025-09-27T18:37:18.453Z" },
    { url = "https://files.pythonhosted.org/packages/89/c3/2e67a7ca217c6912985ec766c6393b636fb0c2344443ff9d91404dc4c79f/markupsafe-3.0.3-cp314-cp314t-macosx_11_0_arm64.whl", hash = "sha256:1085e7fbddd3be5f89cc898938f42c0b3c711fdcb37d75221de2666af647c175", size = 12069, upload-time = "2025-09-27T18:37:19.332Z" },
    { url = "https://files.pythonhosted.org/packages/f0/00/be561dce4e6ca66b15276e184ce4b8aec61fe83662cce2f7d72bd3249d28/markupsafe-3.0.3-cp314-cp314t-manylinux2014_aarch64.manylinux_2_17_aarch64.manylinux_2_28_aarch64.whl", hash = "sha256:1b52b4fb9df4eb9ae465f8d0c228a00624de2334f216f178a995ccdcf82c4634", size = 25670, upload-time = "2025-09-27T18:37:20.245Z" },
    { url = "https://files.pythonhosted.org/packages/50/09/c419f6f5a92e5fadde27efd190eca90f05e1261b10dbd8cbcb39cd8ea1dc/markupsafe-3.0.3-cp314-cp314t-manylinux2014_x86_64.manylinux_2_17_x86_64.manylinux_2_28_x86_64.whl", hash = "sha256:fed51ac40f757d41b7c48425901843666a6677e3e8eb0abcff09e4ba6e664f50", size = 23598, upload-time = "2025-09-27T18:37:21.177Z" },
    { url = "https://files.pythonhosted.org/packages/22/44/a0681611106e0b2921b3033fc19bc53323e0b50bc70cffdd19f7d679bb66/markupsafe-3.0.3-cp314-cp314t-manylinux_2_31_riscv64.manylinux_2_39_riscv64.whl", hash = "sha256:f190daf01f13c72eac4efd5c430a8de82489d9cff23c364c3ea822545032993e", size = 23261, upload-time = "2025-09-27T18:37:22.167Z" },
    { url = "https://files.pythonhosted.org/packages/5f/57/1b0b3f100259dc9fffe780cfb60d4be71375510e435efec3d116b6436d43/markupsafe-3.0.3-cp314-cp314t-musllinux_1_2_aarch64.whl", hash = "sha256:e56b7d45a839a697b5eb268c82a71bd8c7f6c94d6fd50c3d577fa39a9f1409f5", size = 24835, upload-time = "2025-09-27T18:37:23.296Z" },
    { url = "https://files.pythonhosted.org/packages/26/6a/4bf6d0c97c4920f1597cc14dd720705eca0bf7c787aebc6bb4d1bead5388/markupsafe-3.0.3-cp314-cp314t-musllinux_1_2_riscv64.whl", hash = "sha256:f3e98bb3798ead92273dc0e5fd0f31ade220f59a266ffd8a4f6065e0a3ce0523", size = 22733, upload-time = "2025-09-27T18:37:24.237Z" },
    { url = "https://files.pythonhosted.org/packages/14/c7/ca723101509b518797fedc2fdf79ba57f886b4aca8a7d31857ba3ee8281f/markupsafe-3.0.3-cp314-cp314t-musllinux_1_2_x86_64.whl", hash = "sha256:5678211cb9333a6468fb8d8be0305520aa073f50d17f089b5b4b477ea6e67fdc", size = 23672, upload-time = "2025-09-27T18:37:25.271Z" },
    { url = "https://files.pythonhosted.org/packages/fb/df/5bd7a48c256faecd1d36edc13133e51397e41b73bb77e1a69deab746ebac/markupsafe-3.0.3-cp314-cp314t-win32.whl", hash = "sha256:915c04ba3851909ce68ccc2b8e2cd691618c4dc4c4232fb7982bca3f41fd8c3d", size = 14819, upload-time = "2025-09-27T18:37:26.285Z" },
    { url = "https://files.pythonhosted.org/packages/1a/8a/0402ba61a2f16038b48b39bccca271134be00c5c9f0f623208399333c448/markupsafe-3.0.3-cp314-cp314t-win_amd64.whl", hash = "sha256:4faffd047e07c38848ce017e8725090413cd80cbc23d86e55c587bf979e579c9", size = 15426, upload-time = "2025-09-27T18:37:27.316Z" },
    { url = "https://files.pythonhosted.org/packages/70/bc/6f1c2f612465f5fa89b95bead1f44dcb607670fd42891d8fdcd5d039f4f4/markupsafe-3.0.3-cp314-cp314t-win_arm64.whl", hash = "sha256:32001d6a8fc98c8cb5c947787c5d08b0a50663d139f1305bac5885d98d9b40fa", size = 14146, upload-time = "2025-09-27T18:37:28.327Z" },
]

[[package]]
name = "mypy-extensions"
version = "0.4.3"
source = { registry = "https://pypi.org/simple" }
sdist = { url = "https://files.pythonhosted.org/packages/63/60/0582ce2eaced55f65a4406fc97beba256de4b7a95a0034c6576458c6519f/mypy_extensions-0.4.3.tar.gz", hash = "sha256:2d82818f5bb3e369420cb3c4060a7970edba416647068eb4c5343488a6c604a8", size = 4252, upload-time = "2019-10-17T22:38:58.685Z" }
wheels = [
    { url = "https://files.pythonhosted.org/packages/5c/eb/975c7c080f3223a5cdaff09612f3a5221e4ba534f7039db34c35d95fa6a5/mypy_extensions-0.4.3-py2.py3-none-any.whl", hash = "sha256:090fedd75945a69ae91ce1303b5824f428daf5a028d2f6ab8a299250a846f15d", size = 4470, upload-time = "2019-10-17T22:38:56.922Z" },
]

[[package]]
name = "pathspec"
version = "0.9.0"
source = { registry = "https://pypi.org/simple" }
sdist = { url = "https://files.pythonhosted.org/packages/f6/33/436c5cb94e9f8902e59d1d544eb298b83c84b9ec37b5b769c5a0ad6edb19/pathspec-0.9.0.tar.gz", hash = "sha256:e564499435a2673d586f6b2130bb5b95f04a3ba06f81b8f895b651a3c76aabb1", size = 29483, upload-time = "2021-07-18T00:27:56.81Z" }
wheels = [
    { url = "https://files.pythonhosted.org/packages/42/ba/a9d64c7bcbc7e3e8e5f93a52721b377e994c22d16196e2b0f1236774353a/pathspec-0.9.0-py2.py3-none-any.whl", hash = "sha256:7d15c4ddb0b5c802d161efc417ec1a2558ea2653c2e8ad9c19098201dc1c993a", size = 31165, upload-time = "2021-07-18T00:27:58.275Z" },
]

[[package]]
name = "platformdirs"
version = "2.4.0"
source = { registry = "https://pypi.org/simple" }
sdist = { url = "https://files.pythonhosted.org/packages/4b/96/d70b9462671fbeaacba4639ff866fb4e9e558580853fc5d6e698d0371ad4/platformdirs-2.4.0.tar.gz", hash = "sha256:367a5e80b3d04d2428ffa76d33f124cf11e8fff2acdaa9b43d545f5c7d661ef2", size = 24051, upload-time = "2021-09-25T20:46:06.59Z" }
wheels = [
    { url = "https://files.pythonhosted.org/packages/b1/78/dcfd84d3aabd46a9c77260fb47ea5d244806e4daef83aa6fe5d83adb182c/platformdirs-2.4.0-py3-none-any.whl", hash = "sha256:8868bbe3c3c80d42f20156f22e7131d2fb321f5bc86a2a345375c6481a67021d", size = 14400, upload-time = "2021-09-25T20:46:05.161Z" },
]

[[package]]
name = "python-dotenv"
version = "0.19.1"
source = { registry = "https://pypi.org/simple" }
sdist = { url = "https://files.pythonhosted.org/packages/36/b7/08860463445e6f3b4c5ac24717ce0e8a2f6e9dbc329b0e5d148094ce89ec/python-dotenv-0.19.1.tar.gz", hash = "sha256:14f8185cc8d494662683e6914addcb7e95374771e707601dfc70166946b4c4b8", size = 31301, upload-time = "2021-10-09T08:20:13.29Z" }
wheels = [
    { url = "https://files.pythonhosted.org/packages/af/85/7433188f5811856dabe0c7bccc832a23c2fd49b48fc57373d9c10747a1ea/python_dotenv-0.19.1-py2.py3-none-any.whl", hash = "sha256:bbd3da593fc49c249397cbfbcc449cf36cb02e75afc8157fcc6a81df6fb7750a", size = 17575, upload-time = "2021-10-09T08:20:11.637Z" },
]

[[package]]
name = "python-telegram-bot"
version = "13.7"
source = { registry = "https://pypi.org/simple" }
dependencies = [
    { name = "apscheduler" },
    { name = "cachetools" },
    { name = "certifi" },
    { name = "pytz" },
    { name = "tornado" },
]
sdist = { url = "https://files.pythonhosted.org/packages/a1/3f/7573a339a38bc0ed6abb5e4e597a3190027573573e4d01fa5d4cd7a6d9ba/python-telegram-bot-13.7.tar.gz", hash = "sha256:24df75459e335b96baffa6991679f844bd426978af5a69ca419a0ac43a40602c", size = 338448, upload-time = "2021-07-01T16:14:16.259Z" }
wheels = [
    { url = "https://files.pythonhosted.org/packages/22/50/b6b14ae91af8cf27798bad2e0bc214133009aae62bafe5136b051a17ba98/python_telegram_bot-13.7-py3-none-any.whl", hash = "sha256:3bf210862744068aa789d5110f8e3a00d98912ce50863384836440a18abf76b5", size = 490084, upload-time = "2021-07-01T16:14:09.954Z" },
]

[[package]]
name = "pytz"
version = "2021.3"
source = { registry = "https://pypi.org/simple" }
sdist = { url = "https://files.pythonhosted.org/packages/e3/8e/1cde9d002f48a940b9d9d38820aaf444b229450c0854bdf15305ce4a3d1a/pytz-2021.3.tar.gz", hash = "sha256:acad2d8b20a1af07d4e4c9d2e9285c5ed9104354062f275f3fcd88dcef4f1326", size = 320512, upload-time = "2021-10-02T03:56:32.818Z" }
wheels = [
    { url = "https://files.pythonhosted.org/packages/d3/e3/d9f046b5d1c94a3aeab15f1f867aa414f8ee9d196fae6865f1d6a0ee1a0b/pytz-2021.3-py2.py3-none-any.whl", hash = "sha256:3672058bc3453457b622aab7a1c3bfd5ab0bdae451512f6cf25f64ed37f5b87c", size = 503471, upload-time = "2021-10-02T03:56:30.247Z" },
]

[[package]]
name = "pytz-deprecation-shim"
version = "0.1.0.post0"
source = { registry = "https://pypi.org/simple" }
dependencies = [
    { name = "tzdata" },
]
sdist = { url = "https://files.pythonhosted.org/packages/94/f0/909f94fea74759654390a3e1a9e4e185b6cd9aa810e533e3586f39da3097/pytz_deprecation_shim-0.1.0.post0.tar.gz", hash = "sha256:af097bae1b616dde5c5744441e2ddc69e74dfdcb0c263129610d85b87445a59d", size = 60190, upload-time = "2020-06-17T16:16:30.062Z" }
wheels = [
    { url = "https://files.pythonhosted.org/packages/eb/73/3eaab547ca809754e67e06871cff0fc962bafd4b604e15f31896a0f94431/pytz_deprecation_shim-0.1.0.post0-py2.py3-none-any.whl", hash = "sha256:8314c9692a636c8eb3bda879b9f119e350e93223ae83e70e80c31675a0fdc1a6", size = 15734, upload-time = "2020-06-17T16:16:28.849Z" },
]

[[package]]
name = "regex"
version = "2021.10.8"
source = { registry = "https://pypi.org/simple" }
sdist = { url = "https://files.pythonhosted.org/packages/e6/34/854dc93f61d639548336ed68e5ad541b2668e4ef41ee25b3dda8098f9d1d/regex-2021.10.8.tar.gz", hash = "sha256:26895d7c9bbda5c52b3635ce5991caa90fbb1ddfac9c9ff1c7ce505e2282fb2a", size = 703541, upload-time = "2021-10-08T22:57:05.128Z" }

[[package]]
name = "requests"
version = "2.26.0"
source = { registry = "https://pypi.org/simple" }
dependencies = [
    { name = "certifi" },
    { name = "charset-normalizer" },
    { name = "idna" },
    { name = "urllib3" },
]
sdist = { url = "https://files.pythonhosted.org/packages/e7/01/3569e0b535fb2e4a6c384bdbed00c55b9d78b5084e0fb7f4d0bf523d7670/requests-2.26.0.tar.gz", hash = "sha256:b8aa58f8cf793ffd8782d3d8cb19e66ef36f7aba4353eec859e74678b01b07a7", size = 104433, upload-time = "2021-07-13T14:55:08.972Z" }
wheels = [
    { url = "https://files.pythonhosted.org/packages/92/96/144f70b972a9c0eabbd4391ef93ccd49d0f2747f4f6a2a2738e99e5adc65/requests-2.26.0-py2.py3-none-any.whl", hash = "sha256:6c1246513ecd5ecd4528a0906f910e8f0f9c6b8ec72030dc9fd154dc1a6efd24", size = 62251, upload-time = "2021-07-13T14:55:06.933Z" },
]

[[package]]
name = "setuptools"
version = "80.9.0"
source = { registry = "https://pypi.org/simple" }
sdist = { url = "https://files.pythonhosted.org/packages/18/5d/3bf57dcd21979b887f014ea83c24ae194cfcd12b9e0fda66b957c69d1fca/setuptools-80.9.0.tar.gz", hash = "sha256:f36b47402ecde768dbfafc46e8e4207b4360c654f1f3bb84475f0a28628fb19c", size = 1319958, upload-time = "2025-05-27T00:56:51.443Z" }
wheels = [
    { url = "https://files.pythonhosted.org/packages/a3/dc/17031897dae0efacfea57dfd3a82fdd2a2aeb58e0ff71b77b87e44edc772/setuptools-80.9.0-py3-none-any.whl", hash = "sha256:062d34222ad13e0cc312a4c02d73f059e86a4acbfbdea8f8f76b28c99f306922", size = 1201486, upload-time = "2025-05-27T00:56:49.664Z" },
]

[[package]]
name = "six"
version = "1.16.0"
source = { registry = "https://pypi.org/simple" }
sdist = { url = "https://files.pythonhosted.org/packages/71/39/171f1c67cd00715f190ba0b100d606d440a28c93c7714febeca8b79af85e/six-1.16.0.tar.gz", hash = "sha256:1e61c37477a1626458e36f7b1d82aa5c9b094fa4802892072e49de9c60c4c926", size = 34041, upload-time = "2021-05-05T14:18:18.379Z" }
wheels = [
    { url = "https://files.pythonhosted.org/packages/d9/5a/e7c31adbe875f2abbb91bd84cf2dc52d792b5a01506781dbcf25c91daf11/six-1.16.0-py2.py3-none-any.whl", hash = "sha256:8abb2f1d86890a2dfb989f9a77cfcfd3e47c2a354b01111771326f8aa26e0254", size = 11053, upload-time = "2021-05-05T14:18:17.237Z" },
]

[[package]]
name = "soupsieve"
version = "2.2.1"
source = { registry = "https://pypi.org/simple" }
sdist = { url = "https://files.pythonhosted.org/packages/c8/3f/e71d92e90771ac2d69986aa0e81cf0dfda6271e8483698f4847b861dd449/soupsieve-2.2.1.tar.gz", hash = "sha256:052774848f448cf19c7e959adf5566904d525f33a3f8b6ba6f6f8f26ec7de0cc", size = 102949, upload-time = "2021-03-19T04:59:32.843Z" }
wheels = [
    { url = "https://files.pythonhosted.org/packages/36/69/d82d04022f02733bf9a72bc3b96332d360c0c5307096d76f6bb7489f7e57/soupsieve-2.2.1-py3-none-any.whl", hash = "sha256:c2c1c2d44f158cdbddab7824a9af8c4f83c76b1e23e049479aa432feb6c4c23b", size = 33287, upload-time = "2021-03-19T04:59:31.947Z" },
]

[[package]]
name = "tomli"
version = "1.2.1"
source = { registry = "https://pypi.org/simple" }
sdist = { url = "https://files.pythonhosted.org/packages/75/50/973397c5ba854445bcc396b593b5db1958da6ab8d665b27397daa1497018/tomli-1.2.1.tar.gz", hash = "sha256:a5b75cb6f3968abb47af1b40c1819dc519ea82bcc065776a866e8d74c5ca9442", size = 14945, upload-time = "2021-08-05T20:10:32.738Z" }
wheels = [
    { url = "https://files.pythonhosted.org/packages/18/47/f7dab5b63b97efa7a715e389291d46246a5999c7b4705c2d147fc879e3b5/tomli-1.2.1-py3-none-any.whl", hash = "sha256:8dd0e9524d6f386271a36b41dbf6c57d8e32fd96fd22b6584679dc569d20899f", size = 11849, upload-time = "2021-08-05T20:10:30.699Z" },
]

[[package]]
name = "tornado"
version = "6.1"
source = { registry = "https://pypi.org/simple" }
sdist = { url = "https://files.pythonhosted.org/packages/cf/44/cc9590db23758ee7906d40cacff06c02a21c2a6166602e095a56cbf2f6f6/tornado-6.1.tar.gz", hash = "sha256:33c6e81d7bd55b468d2e793517c909b139960b6c790a60b7991b9b6b76fb9791", size = 497359, upload-time = "2020-10-30T20:17:51.882Z" }

[[package]]
name = "typing-extensions"
version = "3.10.0.2"
source = { registry = "https://pypi.org/simple" }
sdist = { url = "https://files.pythonhosted.org/packages/ed/12/c5079a15cf5c01d7f4252b473b00f7e68ee711be605b9f001528f0298b98/typing_extensions-3.10.0.2.tar.gz", hash = "sha256:49f75d16ff11f1cd258e1b988ccff82a3ca5570217d7ad8c5f48205dd99a677e", size = 46048, upload-time = "2021-08-30T18:46:27.766Z" }
wheels = [
    { url = "https://files.pythonhosted.org/packages/74/60/18783336cc7fcdd95dae91d73477830aa53f5d3181ae4fe20491d7fc3199/typing_extensions-3.10.0.2-py3-none-any.whl", hash = "sha256:f1d25edafde516b146ecd0613dabcc61409817af4766fbbcfb8d1ad4ec441a34", size = 26288, upload-time = "2021-08-30T18:46:26.221Z" },
]

[[package]]
name = "tzdata"
version = "2021.4"
source = { registry = "https://pypi.org/simple" }
sdist = { url = "https://files.pythonhosted.org/packages/e3/79/40487f76c7de064705a8a0129268301f3ae22d77db08e01419929c56dadb/tzdata-2021.4.tar.gz", hash = "sha256:351032b2bb205b23b56ef5ca7b2b4eec739a0d5c078f86278ffdda4863aee8ab", size = 184316, upload-time = "2021-10-19T21:37:47.115Z" }
wheels = [
    { url = "https://files.pythonhosted.org/packages/a1/47/e122932e4eef05054b9078ae3299cc03ace681a260616c21a22b38115c7b/tzdata-2021.4-py2.py3-none-any.whl", hash = "sha256:1d480afbf202440771da86cae084d5d43729eec9b818c952210e0fac98edb03c", size = 339411, upload-time = "2021-10-19T21:37:45.632Z" },
]

[[package]]
name = "tzlocal"
version = "4.0.1"
source = { registry = "https://pypi.org/simple" }
dependencies = [
    { name = "pytz-deprecation-shim" },
    { name = "tzdata", marker = "sys_platform == 'win32'" },
]
sdist = { url = "https://files.pythonhosted.org/packages/8b/e7/118f6ac8fa64aedd2729b45896aee89e05c11a20ae13da487dd6dc374627/tzlocal-4.0.1.tar.gz", hash = "sha256:8560aabba61b5d2a5e1697bb781f682e6eaa3ce386cee85a09a458cc0003f836", size = 30301, upload-time = "2021-10-19T18:04:18.72Z" }
wheels = [
    { url = "https://files.pythonhosted.org/packages/ac/ec/9cdd5609ba1cdc63e81757dda760c8745318d8fa0ff4da2a36d9ea743cb7/tzlocal-4.0.1-py3-none-any.whl", hash = "sha256:3689a33e855912057028c41e31c5e27e6aa97658c58e35b76d58d0c301993b6d", size = 19416, upload-time = "2021-10-19T18:04:15.468Z" },
]

[[package]]
name = "urllib3"
version = "1.26.7"
source = { registry = "https://pypi.org/simple" }
sdist = { url = "https://files.pythonhosted.org/packages/80/be/3ee43b6c5757cabea19e75b8f46eaf05a2f5144107d7db48c7cf3a864f73/urllib3-1.26.7.tar.gz", hash = "sha256:4987c65554f7a2dbf30c18fd48778ef124af6fab771a377103da0585e2336ece", size = 291350, upload-time = "2021-09-22T18:01:18.331Z" }
wheels = [
    { url = "https://files.pythonhosted.org/packages/af/f4/524415c0744552cce7d8bf3669af78e8a069514405ea4fcbd0cc44733744/urllib3-1.26.7-py2.py3-none-any.whl", hash = "sha256:c4fdf4019605b6e5423637e01bc9fe4daef873709a7973e195ceba0a62bbc844", size = 138764, upload-time = "2021-09-22T18:01:15.93Z" },
]

[[package]]
name = "werkzeug"
version = "3.1.3"
source = { registry = "https://pypi.org/simple" }
dependencies = [
    { name = "markupsafe" },
]
sdist = { url = "https://files.pythonhosted.org/packages/9f/69/83029f1f6300c5fb2471d621ab06f6ec6b3324685a2ce0f9777fd4a8b71e/werkzeug-3.1.3.tar.gz", hash = "sha256:60723ce945c19328679790e3282cc758aa4a6040e4bb330f53d30fa546d44746", size = 806925, upload-time = "2024-11-08T15:52:18.093Z" }
wheels = [
    { url = "https://files.pythonhosted.org/packages/52/24/ab44c871b0f07f491e5d2ad12c9bd7358e527510618cb1b803a88e986db1/werkzeug-3.1.3-py3-none-any.whl", hash = "sha256:54b78bf3716d19a65be4fceccc0d1d7b89e608834989dfae50ea87564639213e", size = 224498, upload-time = "2024-11-08T15:52:16.132Z" },
]
