version = 1
revision = 3
requires-python = ">=3.12"

[[package]]
name = "apscheduler"
version = "3.6.3"
source = { registry = "https://pypi.org/simple" }
dependencies = [
    { name = "pytz" },
    { name = "setuptools" },
    { name = "six" },
    { name = "tzlocal" },
]
sdist = { url = "https://files.pythonhosted.org/packages/89/3d/f65972547c5aa533276ada2bea3c2ef51bb4c4de55b67a66129c111b89ad/APScheduler-3.6.3.tar.gz", hash = "sha256:3bb5229eed6fbbdafc13ce962712ae66e175aa214c69bed35a06bffcf0c5e244", size = 96309, upload-time = "2019-11-05T07:51:50.394Z" }
wheels = [
    { url = "https://files.pythonhosted.org/packages/f3/34/9ef20ed473c4fd2c3df54ef77a27ae3fc7500b16b192add4720cab8b2c09/APScheduler-3.6.3-py2.py3-none-any.whl", hash = "sha256:e8b1ecdb4c7cb2818913f766d5898183c7cb8936680710a4d3a966e02262e526", size = 58881, upload-time = "2019-11-05T07:51:48.621Z" },
]

[[package]]
name = "auleliberepolimi"
version = "0.1.0"
source = { virtual = "." }
dependencies = [
    { name = "apscheduler" },
    { name = "beautifulsoup4" },
    { name = "black" },
    { name = "cachetools" },
    { name = "certifi" },
    { name = "chardet" },
    { name = "charset-normalizer" },
    { name = "click" },
    { name = "idna" },
    { name = "mypy-extensions" },
    { name = "pathspec" },
    { name = "platformdirs" },
    { name = "python-dotenv" },
    { name = "python-telegram-bot" },
    { name = "pytz" },
    { name = "pytz-deprecation-shim" },
    { name = "regex" },
    { name = "requests" },
    { name = "six" },
    { name = "soupsieve" },
    { name = "tomli" },
    { name = "tornado" },
    { name = "typing-extensions" },
    { name = "tzdata" },
    { name = "tzlocal" },
    { name = "urllib3" },
]

[package.metadata]
requires-dist = [
    { name = "apscheduler", specifier = "==3.6.3" },
    { name = "beautifulsoup4", specifier = "==4.10.0" },
    { name = "black", specifier = "==21.9b0" },
    { name = "cachetools", specifier = "==4.2.2" },
    { name = "certifi", specifier = "==2021.10.8" },
    { name = "chardet", specifier = "==4.0.0" },
    { name = "charset-normalizer", specifier = "==2.0.7" },
    { name = "click", specifier = "==8.0.3" },
    { name = "idna", specifier = "==3.3" },
    { name = "mypy-extensions", specifier = "==0.4.3" },
    { name = "pathspec", specifier = "==0.9.0" },
    { name = "platformdirs", specifier = "==2.4.0" },
    { name = "python-dotenv", specifier = "==0.19.1" },
    { name = "python-telegram-bot", specifier = "==13.7" },
    { name = "pytz", specifier = "==2021.3" },
    { name = "pytz-deprecation-shim", specifier = "==0.1.0.post0" },
    { name = "regex", specifier = "==2021.10.8" },
    { name = "requests", specifier = "==2.26.0" },
    { name = "six", specifier = "==1.16.0" },
    { name = "soupsieve", specifier = "==2.2.1" },
    { name = "tomli", specifier = "==1.2.1" },
    { name = "tornado", specifier = "==6.1" },
    { name = "typing-extensions", specifier = "==3.10.0.2" },
    { name = "tzdata", specifier = "==2021.4" },
    { name = "tzlocal", specifier = "==4.0.1" },
    { name = "urllib3", specifier = "==1.26.7" },
]

[[package]]
name = "beautifulsoup4"
version = "4.10.0"
source = { registry = "https://pypi.org/simple" }
dependencies = [
    { name = "soupsieve" },
]
sdist = { url = "https://files.pythonhosted.org/packages/a1/69/daeee6d8f22c997e522cdbeb59641c4d31ab120aba0f2c799500f7456b7e/beautifulsoup4-4.10.0.tar.gz", hash = "sha256:c23ad23c521d818955a4151a67d81580319d4bf548d3d49f4223ae041ff98891", size = 399890, upload-time = "2021-09-08T00:16:07.708Z" }
wheels = [
    { url = "https://files.pythonhosted.org/packages/69/bf/f0f194d3379d3f3347478bd267f754fc68c11cbf2fe302a6ab69447b1417/beautifulsoup4-4.10.0-py3-none-any.whl", hash = "sha256:9a315ce70049920ea4572a4055bc4bd700c940521d36fc858205ad4fcde149bf", size = 97398, upload-time = "2021-09-08T00:16:06.464Z" },
]

[[package]]
name = "black"
version = "21.9b0"
source = { registry = "https://pypi.org/simple" }
dependencies = [
    { name = "click" },
    { name = "mypy-extensions" },
    { name = "pathspec" },
    { name = "platformdirs" },
    { name = "regex" },
    { name = "tomli" },
    { name = "typing-extensions" },
]
sdist = { url = "https://files.pythonhosted.org/packages/b9/11/bde767284a6a15bf85b53ad696c3658eb3ead74e4697ecda2d07cec106ec/black-21.9b0.tar.gz", hash = "sha256:7de4cfc7eb6b710de325712d40125689101d21d25283eed7e9998722cf10eb91", size = 560945, upload-time = "2021-09-14T02:25:26.49Z" }
wheels = [
    { url = "https://files.pythonhosted.org/packages/d2/16/a92c999103bee1236dd93f703f3522217fe00bd97bd50ae3699c2d91e320/black-21.9b0-py3-none-any.whl", hash = "sha256:380f1b5da05e5a1429225676655dddb96f5ae8c75bdf91e53d798871b902a115", size = 148184, upload-time = "2021-09-14T02:25:24.739Z" },
]

[[package]]
name = "cachetools"
version = "4.2.2"
source = { registry = "https://pypi.org/simple" }
sdist = { url = "https://files.pythonhosted.org/packages/52/ba/619250fa6bc11ce6aa4de0604d45843090a53cd7d10d7253b89669313370/cachetools-4.2.2.tar.gz", hash = "sha256:61b5ed1e22a0924aed1d23b478f37e8d52549ff8a961de2909c69bf950020cff", size = 23682, upload-time = "2021-04-27T21:19:57.252Z" }
wheels = [
    { url = "https://files.pythonhosted.org/packages/bf/28/c4f5796c67ad06bb91d98d543a5e01805c1ff065e08871f78e52d2a331ad/cachetools-4.2.2-py3-none-any.whl", hash = "sha256:2cc0b89715337ab6dbba85b5b50effe2b0c74e035d83ee8ed637cf52f12ae001", size = 11998, upload-time = "2021-04-27T21:19:55.559Z" },
]

[[package]]
name = "certifi"
version = "2021.10.8"
source = { registry = "https://pypi.org/simple" }
sdist = { url = "https://files.pythonhosted.org/packages/6c/ae/d26450834f0acc9e3d1f74508da6df1551ceab6c2ce0766a593362d6d57f/certifi-2021.10.8.tar.gz", hash = "sha256:78884e7c1d4b00ce3cea67b44566851c4343c120abd683433ce934a68ea58872", size = 151214, upload-time = "2021-10-08T19:32:15.277Z" }
wheels = [
    { url = "https://files.pythonhosted.org/packages/37/45/946c02767aabb873146011e665728b680884cd8fe70dde973c640e45b775/certifi-2021.10.8-py2.py3-none-any.whl", hash = "sha256:d62a0163eb4c2344ac042ab2bdf75399a71a2d8c7d47eac2e2ee91b9d6339569", size = 149195, upload-time = "2021-10-08T19:32:10.712Z" },
]

[[package]]
name = "chardet"
version = "4.0.0"
source = { registry = "https://pypi.org/simple" }
sdist = { url = "https://files.pythonhosted.org/packages/ee/2d/9cdc2b527e127b4c9db64b86647d567985940ac3698eeabc7ffaccb4ea61/chardet-4.0.0.tar.gz", hash = "sha256:0d6f53a15db4120f2b08c94f11e7d93d2c911ee118b6b30a04ec3ee8310179fa", size = 1907771, upload-time = "2020-12-10T19:35:33.971Z" }
wheels = [
    { url = "https://files.pythonhosted.org/packages/19/c7/fa589626997dd07bd87d9269342ccb74b1720384a4d739a1872bd84fbe68/chardet-4.0.0-py2.py3-none-any.whl", hash = "sha256:f864054d66fd9118f2e67044ac8981a54775ec5b67aed0441892edb553d21da5", size = 178743, upload-time = "2020-12-10T19:35:32.469Z" },
]

[[package]]
name = "charset-normalizer"
version = "2.0.7"
source = { registry = "https://pypi.org/simple" }
sdist = { url = "https://files.pythonhosted.org/packages/9f/c5/334c019f92c26e59637bb42bd14a190428874b2b2de75a355da394cf16c1/charset-normalizer-2.0.7.tar.gz", hash = "sha256:e019de665e2bcf9c2b64e2e5aa025fa991da8720daa3c1138cadd2fd1856aed0", size = 362802, upload-time = "2021-10-11T21:28:28.918Z" }
wheels = [
    { url = "https://files.pythonhosted.org/packages/de/c8/820b1546c68efcbbe3c1b10dd925fbd84a0dda7438bc18db0ef1fa567733/charset_normalizer-2.0.7-py3-none-any.whl", hash = "sha256:f7af805c321bfa1ce6714c51f254e0d5bb5e5834039bc17db7ebe3a4cec9492b", size = 38247, upload-time = "2021-10-11T21:28:25.641Z" },
]

[[package]]
name = "click"
version = "8.0.3"
source = { registry = "https://pypi.org/simple" }
dependencies = [
    { name = "colorama", marker = "sys_platform == 'win32'" },
]
sdist = { url = "https://files.pythonhosted.org/packages/f4/09/ad003f1e3428017d1c3da4ccc9547591703ffea548626f47ec74509c5824/click-8.0.3.tar.gz", hash = "sha256:410e932b050f5eed773c4cda94de75971c89cdb3155a72a0831139a79e5ecb5b", size = 329034, upload-time = "2021-10-10T18:07:33.001Z" }
wheels = [
    { url = "https://files.pythonhosted.org/packages/48/58/c8aa6a8e62cc75f39fee1092c45d6b6ba684122697d7ce7d53f64f98a129/click-8.0.3-py3-none-any.whl", hash = "sha256:353f466495adaeb40b6b5f592f9f91cb22372351c84caeb068132442a4518ef3", size = 97516, upload-time = "2021-10-10T18:07:30.752Z" },
]

[[package]]
name = "colorama"
version = "0.4.6"
source = { registry = "https://pypi.org/simple" }
sdist = { url = "https://files.pythonhosted.org/packages/d8/53/6f443c9a4a8358a93a6792e2acffb9d9d5cb0a5cfd8802644b7b1c9a02e4/colorama-0.4.6.tar.gz", hash = "sha256:08695f5cb7ed6e0531a20572697297273c47b8cae5a63ffc6d6ed5c201be6e44", size = 27697, upload-time = "2022-10-25T02:36:22.414Z" }
wheels = [
    { url = "https://files.pythonhosted.org/packages/d1/d6/3965ed04c63042e047cb6a3e6ed1a63a35087b6a609aa3a15ed8ac56c221/colorama-0.4.6-py2.py3-none-any.whl", hash = "sha256:4f1d9991f5acc0ca119f9d443620b77f9d6b33703e51011c16baf57afb285fc6", size = 25335, upload-time = "2022-10-25T02:36:20.889Z" },
]

[[package]]
name = "idna"
version = "3.3"
source = { registry = "https://pypi.org/simple" }
sdist = { url = "https://files.pythonhosted.org/packages/62/08/e3fc7c8161090f742f504f40b1bccbfc544d4a4e09eb774bf40aafce5436/idna-3.3.tar.gz", hash = "sha256:9d643ff0a55b762d5cdb124b8eaa99c66322e2157b69160bc32796e824360e6d", size = 286689, upload-time = "2021-10-12T23:33:41.312Z" }
wheels = [
    { url = "https://files.pythonhosted.org/packages/04/a2/d918dcd22354d8958fe113e1a3630137e0fc8b44859ade3063982eacd2a4/idna-3.3-py3-none-any.whl", hash = "sha256:84d9dd047ffa80596e0f246e2eab0b391788b0503584e8945f2368256d2735ff", size = 61160, upload-time = "2021-10-12T23:33:38.02Z" },
]

[[package]]
name = "mypy-extensions"
version = "0.4.3"
source = { registry = "https://pypi.org/simple" }
sdist = { url = "https://files.pythonhosted.org/packages/63/60/0582ce2eaced55f65a4406fc97beba256de4b7a95a0034c6576458c6519f/mypy_extensions-0.4.3.tar.gz", hash = "sha256:2d82818f5bb3e369420cb3c4060a7970edba416647068eb4c5343488a6c604a8", size = 4252, upload-time = "2019-10-17T22:38:58.685Z" }
wheels = [
    { url = "https://files.pythonhosted.org/packages/5c/eb/975c7c080f3223a5cdaff09612f3a5221e4ba534f7039db34c35d95fa6a5/mypy_extensions-0.4.3-py2.py3-none-any.whl", hash = "sha256:090fedd75945a69ae91ce1303b5824f428daf5a028d2f6ab8a299250a846f15d", size = 4470, upload-time = "2019-10-17T22:38:56.922Z" },
]

[[package]]
name = "pathspec"
version = "0.9.0"
source = { registry = "https://pypi.org/simple" }
sdist = { url = "https://files.pythonhosted.org/packages/f6/33/436c5cb94e9f8902e59d1d544eb298b83c84b9ec37b5b769c5a0ad6edb19/pathspec-0.9.0.tar.gz", hash = "sha256:e564499435a2673d586f6b2130bb5b95f04a3ba06f81b8f895b651a3c76aabb1", size = 29483, upload-time = "2021-07-18T00:27:56.81Z" }
wheels = [
    { url = "https://files.pythonhosted.org/packages/42/ba/a9d64c7bcbc7e3e8e5f93a52721b377e994c22d16196e2b0f1236774353a/pathspec-0.9.0-py2.py3-none-any.whl", hash = "sha256:7d15c4ddb0b5c802d161efc417ec1a2558ea2653c2e8ad9c19098201dc1c993a", size = 31165, upload-time = "2021-07-18T00:27:58.275Z" },
]

[[package]]
name = "platformdirs"
version = "2.4.0"
source = { registry = "https://pypi.org/simple" }
sdist = { url = "https://files.pythonhosted.org/packages/4b/96/d70b9462671fbeaacba4639ff866fb4e9e558580853fc5d6e698d0371ad4/platformdirs-2.4.0.tar.gz", hash = "sha256:367a5e80b3d04d2428ffa76d33f124cf11e8fff2acdaa9b43d545f5c7d661ef2", size = 24051, upload-time = "2021-09-25T20:46:06.59Z" }
wheels = [
    { url = "https://files.pythonhosted.org/packages/b1/78/dcfd84d3aabd46a9c77260fb47ea5d244806e4daef83aa6fe5d83adb182c/platformdirs-2.4.0-py3-none-any.whl", hash = "sha256:8868bbe3c3c80d42f20156f22e7131d2fb321f5bc86a2a345375c6481a67021d", size = 14400, upload-time = "2021-09-25T20:46:05.161Z" },
]

[[package]]
name = "python-dotenv"
version = "0.19.1"
source = { registry = "https://pypi.org/simple" }
sdist = { url = "https://files.pythonhosted.org/packages/36/b7/08860463445e6f3b4c5ac24717ce0e8a2f6e9dbc329b0e5d148094ce89ec/python-dotenv-0.19.1.tar.gz", hash = "sha256:14f8185cc8d494662683e6914addcb7e95374771e707601dfc70166946b4c4b8", size = 31301, upload-time = "2021-10-09T08:20:13.29Z" }
wheels = [
    { url = "https://files.pythonhosted.org/packages/af/85/7433188f5811856dabe0c7bccc832a23c2fd49b48fc57373d9c10747a1ea/python_dotenv-0.19.1-py2.py3-none-any.whl", hash = "sha256:bbd3da593fc49c249397cbfbcc449cf36cb02e75afc8157fcc6a81df6fb7750a", size = 17575, upload-time = "2021-10-09T08:20:11.637Z" },
]

[[package]]
name = "python-telegram-bot"
version = "13.7"
source = { registry = "https://pypi.org/simple" }
dependencies = [
    { name = "apscheduler" },
    { name = "cachetools" },
    { name = "certifi" },
    { name = "pytz" },
    { name = "tornado" },
]
sdist = { url = "https://files.pythonhosted.org/packages/a1/3f/7573a339a38bc0ed6abb5e4e597a3190027573573e4d01fa5d4cd7a6d9ba/python-telegram-bot-13.7.tar.gz", hash = "sha256:24df75459e335b96baffa6991679f844bd426978af5a69ca419a0ac43a40602c", size = 338448, upload-time = "2021-07-01T16:14:16.259Z" }
wheels = [
    { url = "https://files.pythonhosted.org/packages/22/50/b6b14ae91af8cf27798bad2e0bc214133009aae62bafe5136b051a17ba98/python_telegram_bot-13.7-py3-none-any.whl", hash = "sha256:3bf210862744068aa789d5110f8e3a00d98912ce50863384836440a18abf76b5", size = 490084, upload-time = "2021-07-01T16:14:09.954Z" },
]

[[package]]
name = "pytz"
version = "2021.3"
source = { registry = "https://pypi.org/simple" }
sdist = { url = "https://files.pythonhosted.org/packages/e3/8e/1cde9d002f48a940b9d9d38820aaf444b229450c0854bdf15305ce4a3d1a/pytz-2021.3.tar.gz", hash = "sha256:acad2d8b20a1af07d4e4c9d2e9285c5ed9104354062f275f3fcd88dcef4f1326", size = 320512, upload-time = "2021-10-02T03:56:32.818Z" }
wheels = [
    { url = "https://files.pythonhosted.org/packages/d3/e3/d9f046b5d1c94a3aeab15f1f867aa414f8ee9d196fae6865f1d6a0ee1a0b/pytz-2021.3-py2.py3-none-any.whl", hash = "sha256:3672058bc3453457b622aab7a1c3bfd5ab0bdae451512f6cf25f64ed37f5b87c", size = 503471, upload-time = "2021-10-02T03:56:30.247Z" },
]

[[package]]
name = "pytz-deprecation-shim"
version = "0.1.0.post0"
source = { registry = "https://pypi.org/simple" }
dependencies = [
    { name = "tzdata" },
]
sdist = { url = "https://files.pythonhosted.org/packages/94/f0/909f94fea74759654390a3e1a9e4e185b6cd9aa810e533e3586f39da3097/pytz_deprecation_shim-0.1.0.post0.tar.gz", hash = "sha256:af097bae1b616dde5c5744441e2ddc69e74dfdcb0c263129610d85b87445a59d", size = 60190, upload-time = "2020-06-17T16:16:30.062Z" }
wheels = [
    { url = "https://files.pythonhosted.org/packages/eb/73/3eaab547ca809754e67e06871cff0fc962bafd4b604e15f31896a0f94431/pytz_deprecation_shim-0.1.0.post0-py2.py3-none-any.whl", hash = "sha256:8314c9692a636c8eb3bda879b9f119e350e93223ae83e70e80c31675a0fdc1a6", size = 15734, upload-time = "2020-06-17T16:16:28.849Z" },
]

[[package]]
name = "regex"
version = "2021.10.8"
source = { registry = "https://pypi.org/simple" }
sdist = { url = "https://files.pythonhosted.org/packages/e6/34/854dc93f61d639548336ed68e5ad541b2668e4ef41ee25b3dda8098f9d1d/regex-2021.10.8.tar.gz", hash = "sha256:26895d7c9bbda5c52b3635ce5991caa90fbb1ddfac9c9ff1c7ce505e2282fb2a", size = 703541, upload-time = "2021-10-08T22:57:05.128Z" }

[[package]]
name = "requests"
version = "2.26.0"
source = { registry = "https://pypi.org/simple" }
dependencies = [
    { name = "certifi" },
    { name = "charset-normalizer" },
    { name = "idna" },
    { name = "urllib3" },
]
sdist = { url = "https://files.pythonhosted.org/packages/e7/01/3569e0b535fb2e4a6c384bdbed00c55b9d78b5084e0fb7f4d0bf523d7670/requests-2.26.0.tar.gz", hash = "sha256:b8aa58f8cf793ffd8782d3d8cb19e66ef36f7aba4353eec859e74678b01b07a7", size = 104433, upload-time = "2021-07-13T14:55:08.972Z" }
wheels = [
    { url = "https://files.pythonhosted.org/packages/92/96/144f70b972a9c0eabbd4391ef93ccd49d0f2747f4f6a2a2738e99e5adc65/requests-2.26.0-py2.py3-none-any.whl", hash = "sha256:6c1246513ecd5ecd4528a0906f910e8f0f9c6b8ec72030dc9fd154dc1a6efd24", size = 62251, upload-time = "2021-07-13T14:55:06.933Z" },
]

[[package]]
name = "setuptools"
version = "80.9.0"
source = { registry = "https://pypi.org/simple" }
sdist = { url = "https://files.pythonhosted.org/packages/18/5d/3bf57dcd21979b887f014ea83c24ae194cfcd12b9e0fda66b957c69d1fca/setuptools-80.9.0.tar.gz", hash = "sha256:f36b47402ecde768dbfafc46e8e4207b4360c654f1f3bb84475f0a28628fb19c", size = 1319958, upload-time = "2025-05-27T00:56:51.443Z" }
wheels = [
    { url = "https://files.pythonhosted.org/packages/a3/dc/17031897dae0efacfea57dfd3a82fdd2a2aeb58e0ff71b77b87e44edc772/setuptools-80.9.0-py3-none-any.whl", hash = "sha256:062d34222ad13e0cc312a4c02d73f059e86a4acbfbdea8f8f76b28c99f306922", size = 1201486, upload-time = "2025-05-27T00:56:49.664Z" },
]

[[package]]
name = "six"
version = "1.16.0"
source = { registry = "https://pypi.org/simple" }
sdist = { url = "https://files.pythonhosted.org/packages/71/39/171f1c67cd00715f190ba0b100d606d440a28c93c7714febeca8b79af85e/six-1.16.0.tar.gz", hash = "sha256:1e61c37477a1626458e36f7b1d82aa5c9b094fa4802892072e49de9c60c4c926", size = 34041, upload-time = "2021-05-05T14:18:18.379Z" }
wheels = [
    { url = "https://files.pythonhosted.org/packages/d9/5a/e7c31adbe875f2abbb91bd84cf2dc52d792b5a01506781dbcf25c91daf11/six-1.16.0-py2.py3-none-any.whl", hash = "sha256:8abb2f1d86890a2dfb989f9a77cfcfd3e47c2a354b01111771326f8aa26e0254", size = 11053, upload-time = "2021-05-05T14:18:17.237Z" },
]

[[package]]
name = "soupsieve"
version = "2.2.1"
source = { registry = "https://pypi.org/simple" }
sdist = { url = "https://files.pythonhosted.org/packages/c8/3f/e71d92e90771ac2d69986aa0e81cf0dfda6271e8483698f4847b861dd449/soupsieve-2.2.1.tar.gz", hash = "sha256:052774848f448cf19c7e959adf5566904d525f33a3f8b6ba6f6f8f26ec7de0cc", size = 102949, upload-time = "2021-03-19T04:59:32.843Z" }
wheels = [
    { url = "https://files.pythonhosted.org/packages/36/69/d82d04022f02733bf9a72bc3b96332d360c0c5307096d76f6bb7489f7e57/soupsieve-2.2.1-py3-none-any.whl", hash = "sha256:c2c1c2d44f158cdbddab7824a9af8c4f83c76b1e23e049479aa432feb6c4c23b", size = 33287, upload-time = "2021-03-19T04:59:31.947Z" },
]

[[package]]
name = "tomli"
version = "1.2.1"
source = { registry = "https://pypi.org/simple" }
sdist = { url = "https://files.pythonhosted.org/packages/75/50/973397c5ba854445bcc396b593b5db1958da6ab8d665b27397daa1497018/tomli-1.2.1.tar.gz", hash = "sha256:a5b75cb6f3968abb47af1b40c1819dc519ea82bcc065776a866e8d74c5ca9442", size = 14945, upload-time = "2021-08-05T20:10:32.738Z" }
wheels = [
    { url = "https://files.pythonhosted.org/packages/18/47/f7dab5b63b97efa7a715e389291d46246a5999c7b4705c2d147fc879e3b5/tomli-1.2.1-py3-none-any.whl", hash = "sha256:8dd0e9524d6f386271a36b41dbf6c57d8e32fd96fd22b6584679dc569d20899f", size = 11849, upload-time = "2021-08-05T20:10:30.699Z" },
]

[[package]]
name = "tornado"
version = "6.1"
source = { registry = "https://pypi.org/simple" }
sdist = { url = "https://files.pythonhosted.org/packages/cf/44/cc9590db23758ee7906d40cacff06c02a21c2a6166602e095a56cbf2f6f6/tornado-6.1.tar.gz", hash = "sha256:33c6e81d7bd55b468d2e793517c909b139960b6c790a60b7991b9b6b76fb9791", size = 497359, upload-time = "2020-10-30T20:17:51.882Z" }

[[package]]
name = "typing-extensions"
version = "3.10.0.2"
source = { registry = "https://pypi.org/simple" }
sdist = { url = "https://files.pythonhosted.org/packages/ed/12/c5079a15cf5c01d7f4252b473b00f7e68ee711be605b9f001528f0298b98/typing_extensions-3.10.0.2.tar.gz", hash = "sha256:49f75d16ff11f1cd258e1b988ccff82a3ca5570217d7ad8c5f48205dd99a677e", size = 46048, upload-time = "2021-08-30T18:46:27.766Z" }
wheels = [
    { url = "https://files.pythonhosted.org/packages/74/60/18783336cc7fcdd95dae91d73477830aa53f5d3181ae4fe20491d7fc3199/typing_extensions-3.10.0.2-py3-none-any.whl", hash = "sha256:f1d25edafde516b146ecd0613dabcc61409817af4766fbbcfb8d1ad4ec441a34", size = 26288, upload-time = "2021-08-30T18:46:26.221Z" },
]

[[package]]
name = "tzdata"
version = "2021.4"
source = { registry = "https://pypi.org/simple" }
sdist = { url = "https://files.pythonhosted.org/packages/e3/79/40487f76c7de064705a8a0129268301f3ae22d77db08e01419929c56dadb/tzdata-2021.4.tar.gz", hash = "sha256:351032b2bb205b23b56ef5ca7b2b4eec739a0d5c078f86278ffdda4863aee8ab", size = 184316, upload-time = "2021-10-19T21:37:47.115Z" }
wheels = [
    { url = "https://files.pythonhosted.org/packages/a1/47/e122932e4eef05054b9078ae3299cc03ace681a260616c21a22b38115c7b/tzdata-2021.4-py2.py3-none-any.whl", hash = "sha256:1d480afbf202440771da86cae084d5d43729eec9b818c952210e0fac98edb03c", size = 339411, upload-time = "2021-10-19T21:37:45.632Z" },
]

[[package]]
name = "tzlocal"
version = "4.0.1"
source = { registry = "https://pypi.org/simple" }
dependencies = [
    { name = "pytz-deprecation-shim" },
    { name = "tzdata", marker = "sys_platform == 'win32'" },
]
sdist = { url = "https://files.pythonhosted.org/packages/8b/e7/118f6ac8fa64aedd2729b45896aee89e05c11a20ae13da487dd6dc374627/tzlocal-4.0.1.tar.gz", hash = "sha256:8560aabba61b5d2a5e1697bb781f682e6eaa3ce386cee85a09a458cc0003f836", size = 30301, upload-time = "2021-10-19T18:04:18.72Z" }
wheels = [
    { url = "https://files.pythonhosted.org/packages/ac/ec/9cdd5609ba1cdc63e81757dda760c8745318d8fa0ff4da2a36d9ea743cb7/tzlocal-4.0.1-py3-none-any.whl", hash = "sha256:3689a33e855912057028c41e31c5e27e6aa97658c58e35b76d58d0c301993b6d", size = 19416, upload-time = "2021-10-19T18:04:15.468Z" },
]

[[package]]
name = "urllib3"
version = "1.26.7"
source = { registry = "https://pypi.org/simple" }
sdist = { url = "https://files.pythonhosted.org/packages/80/be/3ee43b6c5757cabea19e75b8f46eaf05a2f5144107d7db48c7cf3a864f73/urllib3-1.26.7.tar.gz", hash = "sha256:4987c65554f7a2dbf30c18fd48778ef124af6fab771a377103da0585e2336ece", size = 291350, upload-time = "2021-09-22T18:01:18.331Z" }
wheels = [
    { url = "https://files.pythonhosted.org/packages/af/f4/524415c0744552cce7d8bf3669af78e8a069514405ea4fcbd0cc44733744/urllib3-1.26.7-py2.py3-none-any.whl", hash = "sha256:c4fdf4019605b6e5423637e01bc9fe4daef873709a7973e195ceba0a62bbc844", size = 138764, upload-time = "2021-09-22T18:01:15.93Z" },
]
